{
  "name": "wangsanshao",
  "version": "1.0.0",
  "lockfileVersion": 1,
  "requires": true,
  "dependencies": {
    "ssr-window": {
      "version": "4.0.2",
      "resolved": "http://rcnpm.zhuanspirit.com/ssr-window/download/ssr-window-4.0.2.tgz",
      "integrity": "sha1-3Gs+43voasDj3cYAMPezvJuFU74="
    },
    "swiper": {
      "version": "9.4.1",
      "resolved": "http://rcnpm.zhuanspirit.com/swiper/download/swiper-9.4.1.tgz",
      "integrity": "sha1-L0i81qtLT89K6T6u5TmAUx1C/UI=",
      "requires": {
        "ssr-window": "^4.0.2"
      }
    }
  }
}
